
Microsoft Visual Studio Solution File, Format Version 12.00
# Visual Studio Version 17
VisualStudioVersion = 17.6.33815.320
MinimumVisualStudioVersion = 10.0.40219.1
Project("{FAE04EC0-301F-11D3-BF4B-00C04F79EFBC}") = "WebApplication1", "WebApplication1\WebApplication1.csproj", "{89C53361-792B-4346-89F1-5BF459E49F75}"
EndProject
Global
	GlobalSection(SolutionConfigurationPlatforms) = preSolution
		Debug|Any CPU = Debug|Any CPU
		Release|Any CPU = Release|Any CPU
	EndGlobalSection
	GlobalSection(ProjectConfigurationPlatforms) = postSolution
		{89C53361-792B-4346-89F1-5BF459E49F75}.Debug|Any CPU.ActiveCfg = Debug|Any CPU
		{89C53361-792B-4346-89F1-5BF459E49F75}.Debug|Any CPU.Build.0 = Debug|Any CPU
		{89C53361-792B-4346-89F1-5BF459E49F75}.Release|Any CPU.ActiveCfg = Release|Any CPU
		{89C53361-792B-4346-89F1-5BF459E49F75}.Release|Any CPU.Build.0 = Release|Any CPU
	EndGlobalSection
	GlobalSection(SolutionProperties) = preSolution
		HideSolutionNode = FALSE
	EndGlobalSection
	GlobalSection(ExtensibilityGlobals) = postSolution
		SolutionGuid = {EF7187EC-1874-4057-9846-DFCB5917DECF}
	EndGlobalSection
EndGlobal
